
Microsoft Visual Studio Solution File, Format Version 12.00
# Visual Studio Version 17
VisualStudioVersion = 17.3.32825.248
MinimumVisualStudioVersion = 10.0.40219.1
Project("{FAE04EC0-301F-11D3-BF4B-00C04F79EFBC}") = "BulkyWeb", "BulkyWeb\BulkyWeb.csproj", "{A713C271-4751-4F0C-95B7-B7AEC702A992}"
EndProject
Global
	GlobalSection(SolutionConfigurationPlatforms) = preSolution
		Debug|Any CPU = Debug|Any CPU
		Release|Any CPU = Release|Any CPU
	EndGlobalSection
	GlobalSection(ProjectConfigurationPlatforms) = postSolution
		{A713C271-4751-4F0C-95B7-B7AEC702A992}.Debug|Any CPU.ActiveCfg = Debug|Any CPU
		{A713C271-4751-4F0C-95B7-B7AEC702A992}.Debug|Any CPU.Build.0 = Debug|Any CPU
		{A713C271-4751-4F0C-95B7-B7AEC702A992}.Release|Any CPU.ActiveCfg = Release|Any CPU
		{A713C271-4751-4F0C-95B7-B7AEC702A992}.Release|Any CPU.Build.0 = Release|Any CPU
	EndGlobalSection
	GlobalSection(SolutionProperties) = preSolution
		HideSolutionNode = FALSE
	EndGlobalSection
	GlobalSection(ExtensibilityGlobals) = postSolution
		SolutionGuid = {0484E469-44C6-4BAA-9D05-1F09356B09E0}
	EndGlobalSection
EndGlobal
